
Microsoft Visual Studio Solution File, Format Version 12.00
# Visual Studio Version 16
VisualStudioVersion = 16.0.31729.503
MinimumVisualStudioVersion = 10.0.40219.1
Project("{FAE04EC0-301F-11D3-BF4B-00C04F79EFBC}") = "Server", "Server.csproj", "{23DD2562-67A5-4AE9-A795-84A22045B086}"
EndProject
Global
	GlobalSection(SolutionConfigurationPlatforms) = preSolution
		Debug|Any CPU = Debug|Any CPU
		Release|Any CPU = Release|Any CPU
	EndGlobalSection
	GlobalSection(ProjectConfigurationPlatforms) = postSolution
		{23DD2562-67A5-4AE9-A795-84A22045B086}.Debug|Any CPU.ActiveCfg = Debug|Any CPU
		{23DD2562-67A5-4AE9-A795-84A22045B086}.Debug|Any CPU.Build.0 = Debug|Any CPU
		{23DD2562-67A5-4AE9-A795-84A22045B086}.Release|Any CPU.ActiveCfg = Release|Any CPU
		{23DD2562-67A5-4AE9-A795-84A22045B086}.Release|Any CPU.Build.0 = Release|Any CPU
	EndGlobalSection
	GlobalSection(SolutionProperties) = preSolution
		HideSolutionNode = FALSE
	EndGlobalSection
	GlobalSection(ExtensibilityGlobals) = postSolution
		SolutionGuid = {16D3CD3F-4F34-47FA-BB2F-A39E3635FC77}
	EndGlobalSection
EndGlobal
